
Microsoft Visual Studio Solution File, Format Version 12.00
# Visual Studio Version 17
VisualStudioVersion = 17.9.34321.82
MinimumVisualStudioVersion = 10.0.40219.1
Project("{FAE04EC0-301F-11D3-BF4B-00C04F79EFBC}") = "JuanMartin.MySqlDatabaseBuild", "JuanMartin.MySqlDatabaseBuild.csproj", "{52D6BC71-876A-4B0A-9A06-2628D3EEBC7A}"
EndProject
Global
	GlobalSection(SolutionConfigurationPlatforms) = preSolution
		Debug|Any CPU = Debug|Any CPU
		Release|Any CPU = Release|Any CPU
	EndGlobalSection
	GlobalSection(ProjectConfigurationPlatforms) = postSolution
		{52D6BC71-876A-4B0A-9A06-2628D3EEBC7A}.Debug|Any CPU.ActiveCfg = Debug|Any CPU
		{52D6BC71-876A-4B0A-9A06-2628D3EEBC7A}.Debug|Any CPU.Build.0 = Debug|Any CPU
		{52D6BC71-876A-4B0A-9A06-2628D3EEBC7A}.Release|Any CPU.ActiveCfg = Release|Any CPU
		{52D6BC71-876A-4B0A-9A06-2628D3EEBC7A}.Release|Any CPU.Build.0 = Release|Any CPU
	EndGlobalSection
	GlobalSection(SolutionProperties) = preSolution
		HideSolutionNode = FALSE
	EndGlobalSection
	GlobalSection(ExtensibilityGlobals) = postSolution
		SolutionGuid = {F3B717C4-AF4D-4542-8F47-B007B725C94B}
	EndGlobalSection
EndGlobal
